
Microsoft Visual Studio Solution File, Format Version 12.00
# Visual Studio 14
VisualStudioVersion = 14.0.25420.1
MinimumVisualStudioVersion = 10.0.40219.1
Project("{8BC9CEB8-8B4A-11D0-8D11-00A0C91BC942}") = "BinarySearch", "BinarySearch\BinarySearch.vcxproj", "{1DF2EC68-BDE7-4EF9-9171-FBFC3519F2A6}"
EndProject
Project("{8BC9CEB8-8B4A-11D0-8D11-00A0C91BC942}") = "RecursiveFactorial", "RecursiveFactorial\RecursiveFactorial.vcxproj", "{E12989EB-F541-47AF-8F49-9F98EE96DECA}"
EndProject
Project("{8BC9CEB8-8B4A-11D0-8D11-00A0C91BC942}") = "FibonacciFunc", "FibonacciFunc\FibonacciFunc.vcxproj", "{64BB2F9F-1578-4386-B5FE-B177BD7D5BFA}"
EndProject
Project("{8BC9CEB8-8B4A-11D0-8D11-00A0C91BC942}") = "RecursiveBinarySearch", "RecursiveBinarySearch\RecursiveBinarySearch.vcxproj", "{90A17C6E-A221-46AD-9BD0-B0A2A58DD634}"
EndProject
Project("{8BC9CEB8-8B4A-11D0-8D11-00A0C91BC942}") = "HanoiTowerSolu", "HanoiTowerSolu\HanoiTowerSolu.vcxproj", "{786911AA-3A11-40CE-BCA9-7F3B1AF5D591}"
EndProject
Project("{8BC9CEB8-8B4A-11D0-8D11-00A0C91BC942}") = "ListMain", "ListMain\ListMain.vcxproj", "{E9CCB84F-FF04-46E4-BBE4-7B44A20239FE}"
EndProject
Project("{8BC9CEB8-8B4A-11D0-8D11-00A0C91BC942}") = "PointListMain", "PointListMain\PointListMain.vcxproj", "{3B1DC50D-706E-4B71-8E95-5892F5D69D5E}"
EndProject
Project("{8BC9CEB8-8B4A-11D0-8D11-00A0C91BC942}") = "Q03_2", "Q03_2\Q03_2.vcxproj", "{C342F869-AB7F-4A1A-A433-4A5BCEF210D1}"
EndProject
Project("{8BC9CEB8-8B4A-11D0-8D11-00A0C91BC942}") = "Q04_1", "Q04_1\Q04_1.vcxproj", "{B42B2945-6735-4D99-B80F-FADF7711A1EA}"
EndProject
Project("{8BC9CEB8-8B4A-11D0-8D11-00A0C91BC942}") = "Q04_2", "Q04_2\Q04_2.vcxproj", "{82360088-F182-41D5-B8C6-D7B3C0B9A7EF}"
EndProject
Global
	GlobalSection(SolutionConfigurationPlatforms) = preSolution
		Debug|x64 = Debug|x64
		Debug|x86 = Debug|x86
		Release|x64 = Release|x64
		Release|x86 = Release|x86
	EndGlobalSection
	GlobalSection(ProjectConfigurationPlatforms) = postSolution
		{1DF2EC68-BDE7-4EF9-9171-FBFC3519F2A6}.Debug|x64.ActiveCfg = Debug|x64
		{1DF2EC68-BDE7-4EF9-9171-FBFC3519F2A6}.Debug|x64.Build.0 = Debug|x64
		{1DF2EC68-BDE7-4EF9-9171-FBFC3519F2A6}.Debug|x86.ActiveCfg = Debug|Win32
		{1DF2EC68-BDE7-4EF9-9171-FBFC3519F2A6}.Debug|x86.Build.0 = Debug|Win32
		{1DF2EC68-BDE7-4EF9-9171-FBFC3519F2A6}.Release|x64.ActiveCfg = Release|x64
		{1DF2EC68-BDE7-4EF9-9171-FBFC3519F2A6}.Release|x64.Build.0 = Release|x64
		{1DF2EC68-BDE7-4EF9-9171-FBFC3519F2A6}.Release|x86.ActiveCfg = Release|Win32
		{1DF2EC68-BDE7-4EF9-9171-FBFC3519F2A6}.Release|x86.Build.0 = Release|Win32
		{E12989EB-F541-47AF-8F49-9F98EE96DECA}.Debug|x64.ActiveCfg = Debug|x64
		{E12989EB-F541-47AF-8F49-9F98EE96DECA}.Debug|x64.Build.0 = Debug|x64
		{E12989EB-F541-47AF-8F49-9F98EE96DECA}.Debug|x86.ActiveCfg = Debug|Win32
		{E12989EB-F541-47AF-8F49-9F98EE96DECA}.Debug|x86.Build.0 = Debug|Win32
		{E12989EB-F541-47AF-8F49-9F98EE96DECA}.Release|x64.ActiveCfg = Release|x64
		{E12989EB-F541-47AF-8F49-9F98EE96DECA}.Release|x64.Build.0 = Release|x64
		{E12989EB-F541-47AF-8F49-9F98EE96DECA}.Release|x86.ActiveCfg = Release|Win32
		{E12989EB-F541-47AF-8F49-9F98EE96DECA}.Release|x86.Build.0 = Release|Win32
		{64BB2F9F-1578-4386-B5FE-B177BD7D5BFA}.Debug|x64.ActiveCfg = Debug|x64
		{64BB2F9F-1578-4386-B5FE-B177BD7D5BFA}.Debug|x64.Build.0 = Debug|x64
		{64BB2F9F-1578-4386-B5FE-B177BD7D5BFA}.Debug|x86.ActiveCfg = Debug|Win32
		{64BB2F9F-1578-4386-B5FE-B177BD7D5BFA}.Debug|x86.Build.0 = Debug|Win32
		{64BB2F9F-1578-4386-B5FE-B177BD7D5BFA}.Release|x64.ActiveCfg = Release|x64
		{64BB2F9F-1578-4386-B5FE-B177BD7D5BFA}.Release|x64.Build.0 = Release|x64
		{64BB2F9F-1578-4386-B5FE-B177BD7D5BFA}.Release|x86.ActiveCfg = Release|Win32
		{64BB2F9F-1578-4386-B5FE-B177BD7D5BFA}.Release|x86.Build.0 = Release|Win32
		{90A17C6E-A221-46AD-9BD0-B0A2A58DD634}.Debug|x64.ActiveCfg = Debug|x64
		{90A17C6E-A221-46AD-9BD0-B0A2A58DD634}.Debug|x64.Build.0 = Debug|x64
		{90A17C6E-A221-46AD-9BD0-B0A2A58DD634}.Debug|x86.ActiveCfg = Debug|Win32
		{90A17C6E-A221-46AD-9BD0-B0A2A58DD634}.Debug|x86.Build.0 = Debug|Win32
		{90A17C6E-A221-46AD-9BD0-B0A2A58DD634}.Release|x64.ActiveCfg = Release|x64
		{90A17C6E-A221-46AD-9BD0-B0A2A58DD634}.Release|x64.Build.0 = Release|x64
		{90A17C6E-A221-46AD-9BD0-B0A2A58DD634}.Release|x86.ActiveCfg = Release|Win32
		{90A17C6E-A221-46AD-9BD0-B0A2A58DD634}.Release|x86.Build.0 = Release|Win32
		{786911AA-3A11-40CE-BCA9-7F3B1AF5D591}.Debug|x64.ActiveCfg = Debug|x64
		{786911AA-3A11-40CE-BCA9-7F3B1AF5D591}.Debug|x64.Build.0 = Debug|x64
		{786911AA-3A11-40CE-BCA9-7F3B1AF5D591}.Debug|x86.ActiveCfg = Debug|Win32
		{786911AA-3A11-40CE-BCA9-7F3B1AF5D591}.Debug|x86.Build.0 = Debug|Win32
		{786911AA-3A11-40CE-BCA9-7F3B1AF5D591}.Release|x64.ActiveCfg = Release|x64
		{786911AA-3A11-40CE-BCA9-7F3B1AF5D591}.Release|x64.Build.0 = Release|x64
		{786911AA-3A11-40CE-BCA9-7F3B1AF5D591}.Release|x86.ActiveCfg = Release|Win32
		{786911AA-3A11-40CE-BCA9-7F3B1AF5D591}.Release|x86.Build.0 = Release|Win32
		{E9CCB84F-FF04-46E4-BBE4-7B44A20239FE}.Debug|x64.ActiveCfg = Debug|x64
		{E9CCB84F-FF04-46E4-BBE4-7B44A20239FE}.Debug|x64.Build.0 = Debug|x64
		{E9CCB84F-FF04-46E4-BBE4-7B44A20239FE}.Debug|x86.ActiveCfg = Debug|Win32
		{E9CCB84F-FF04-46E4-BBE4-7B44A20239FE}.Debug|x86.Build.0 = Debug|Win32
		{E9CCB84F-FF04-46E4-BBE4-7B44A20239FE}.Release|x64.ActiveCfg = Release|x64
		{E9CCB84F-FF04-46E4-BBE4-7B44A20239FE}.Release|x64.Build.0 = Release|x64
		{E9CCB84F-FF04-46E4-BBE4-7B44A20239FE}.Release|x86.ActiveCfg = Release|Win32
		{E9CCB84F-FF04-46E4-BBE4-7B44A20239FE}.Release|x86.Build.0 = Release|Win32
		{3B1DC50D-706E-4B71-8E95-5892F5D69D5E}.Debug|x64.ActiveCfg = Debug|x64
		{3B1DC50D-706E-4B71-8E95-5892F5D69D5E}.Debug|x64.Build.0 = Debug|x64
		{3B1DC50D-706E-4B71-8E95-5892F5D69D5E}.Debug|x86.ActiveCfg = Debug|Win32
		{3B1DC50D-706E-4B71-8E95-5892F5D69D5E}.Debug|x86.Build.0 = Debug|Win32
		{3B1DC50D-706E-4B71-8E95-5892F5D69D5E}.Release|x64.ActiveCfg = Release|x64
		{3B1DC50D-706E-4B71-8E95-5892F5D69D5E}.Release|x64.Build.0 = Release|x64
		{3B1DC50D-706E-4B71-8E95-5892F5D69D5E}.Release|x86.ActiveCfg = Release|Win32
		{3B1DC50D-706E-4B71-8E95-5892F5D69D5E}.Release|x86.Build.0 = Release|Win32
		{C342F869-AB7F-4A1A-A433-4A5BCEF210D1}.Debug|x64.ActiveCfg = Debug|x64
		{C342F869-AB7F-4A1A-A433-4A5BCEF210D1}.Debug|x64.Build.0 = Debug|x64
		{C342F869-AB7F-4A1A-A433-4A5BCEF210D1}.Debug|x86.ActiveCfg = Debug|Win32
		{C342F869-AB7F-4A1A-A433-4A5BCEF210D1}.Debug|x86.Build.0 = Debug|Win32
		{C342F869-AB7F-4A1A-A433-4A5BCEF210D1}.Release|x64.ActiveCfg = Release|x64
		{C342F869-AB7F-4A1A-A433-4A5BCEF210D1}.Release|x64.Build.0 = Release|x64
		{C342F869-AB7F-4A1A-A433-4A5BCEF210D1}.Release|x86.ActiveCfg = Release|Win32
		{C342F869-AB7F-4A1A-A433-4A5BCEF210D1}.Release|x86.Build.0 = Release|Win32
		{B42B2945-6735-4D99-B80F-FADF7711A1EA}.Debug|x64.ActiveCfg = Debug|x64
		{B42B2945-6735-4D99-B80F-FADF7711A1EA}.Debug|x64.Build.0 = Debug|x64
		{B42B2945-6735-4D99-B80F-FADF7711A1EA}.Debug|x86.ActiveCfg = Debug|Win32
		{B42B2945-6735-4D99-B80F-FADF7711A1EA}.Debug|x86.Build.0 = Debug|Win32
		{B42B2945-6735-4D99-B80F-FADF7711A1EA}.Release|x64.ActiveCfg = Release|x64
		{B42B2945-6735-4D99-B80F-FADF7711A1EA}.Release|x64.Build.0 = Release|x64
		{B42B2945-6735-4D99-B80F-FADF7711A1EA}.Release|x86.ActiveCfg = Release|Win32
		{B42B2945-6735-4D99-B80F-FADF7711A1EA}.Release|x86.Build.0 = Release|Win32
		{82360088-F182-41D5-B8C6-D7B3C0B9A7EF}.Debug|x64.ActiveCfg = Debug|x64
		{82360088-F182-41D5-B8C6-D7B3C0B9A7EF}.Debug|x64.Build.0 = Debug|x64
		{82360088-F182-41D5-B8C6-D7B3C0B9A7EF}.Debug|x86.ActiveCfg = Debug|Win32
		{82360088-F182-41D5-B8C6-D7B3C0B9A7EF}.Debug|x86.Build.0 = Debug|Win32
		{82360088-F182-41D5-B8C6-D7B3C0B9A7EF}.Release|x64.ActiveCfg = Release|x64
		{82360088-F182-41D5-B8C6-D7B3C0B9A7EF}.Release|x64.Build.0 = Release|x64
		{82360088-F182-41D5-B8C6-D7B3C0B9A7EF}.Release|x86.ActiveCfg = Release|Win32
		{82360088-F182-41D5-B8C6-D7B3C0B9A7EF}.Release|x86.Build.0 = Release|Win32
	EndGlobalSection
	GlobalSection(SolutionProperties) = preSolution
		HideSolutionNode = FALSE
	EndGlobalSection
EndGlobal
